github.com/davecgh/go-spew v1.1.1 h1:vj9j/u1bqnvCEfJOwUhtlOARqs3+rkHYY13jYWTU97c=
github.com/davecgh/go-spew v1.1.1/go.mod h1:J7Y8YcW2NihsgmVo/mv3lAwl/skON4iLHjSsI+c5H38=
github.com/muzudho/go-logger v0.0.0-20210303161105-701feda94d31 h1:0j3qMONok/aRmhmaU2C1XVRGXgUP4ua7FBM8Dat/iOg=
github.com/muzudho/go-logger v0.0.0-20210303161105-701feda94d31/go.mod h1:+wyNvpn09fMB0AnZMZIlIl6kZA34ypAKUPkEmo7LCrE=
github.com/muzudho/kifuwarabe-go-base v0.0.0-20210317102959-371eef5a7ba7 h1:UysI8yoYy86/yIEjVo6vT5Dody5E+yX3aNnzlmPSXjY=
github.com/muzudho/kifuwarabe-go-base v0.0.0-20210317102959-371eef5a7ba7/go.mod h1:rYmagv1LXMC8MsastmnUNBxMGcfiSlzC2xjS39eb4xA=
github.com/muzudho/kifuwarabe-go-think-base v0.0.0-20210317115012-14dba3b1bafe h1:eQQSnyCkb6AppdfUy1Fv7g+RfK/S4MdJ37S54aultSM=
github.com/muzudho/kifuwarabe-go-think-base v0.0.0-20210317115012-14dba3b1bafe/go.mod h1:MD6Bf/0s39hEy2IzT+cOspqKUkUVbaUHeFss9aHhF7I=
github.com/muzudho/kifuwarabe-go-think-base v0.0.0-20210320061319-bd8d19ab34f9 h1:p80c6VDyhNm9WLmONrJkRFTNVZkMRE6fsC3zdYI3O+0=
github.com/muzudho/kifuwarabe-go-think-base v0.0.0-20210320061319-bd8d19ab34f9/go.mod h1:MD6Bf/0s39hEy2IzT+cOspqKUkUVbaUHeFss9aHhF7I=
github.com/muzudho/kifuwarabe-go-view-base v0.0.0-20210317134143-7e0521ab9610 h1:7JKaaUZW8wErweuMs7MfOzcbyXoqFNoZ7GG+EM9877E=
github.com/muzudho/kifuwarabe-go-view-base v0.0.0-20210317134143-7e0521ab9610/go.mod h1:WgygxhEm/UfBZun82EHBSKbSHZ/olULLEmwj0ygsAtM=
github.com/pelletier/go-toml v1.8.1 h1:1Nf83orprkJyknT6h7zbuEGUEjcyVlCxSUGTENmNCRM=
github.com/pelletier/go-toml v1.8.1/go.mod h1:T2/BmBdy8dvIRq1a/8aqjN41wvWlN4lrapLU/GW4pbc=
